// !$*UTF8*$!
{
	archiveVersion = 1;
	classes = {
	};
	objectVersion = 46;
	objects = {

/* Begin PBXBuildFile section */
		F30222771BA218920039DE05 /* AppDelegate.swift in Sources */ = {isa = PBXBuildFile; fileRef = F30222761BA218920039DE05 /* AppDelegate.swift */; };
		F30222791BA218920039DE05 /* LoginViewController.swift in Sources */ = {isa = PBXBuildFile; fileRef = F30222781BA218920039DE05 /* LoginViewController.swift */; };
		F302227C1BA218920039DE05 /* Main.storyboard in Resources */ = {isa = PBXBuildFile; fileRef = F302227A1BA218920039DE05 /* Main.storyboard */; };
		F302227E1BA218920039DE05 /* Images.xcassets in Resources */ = {isa = PBXBuildFile; fileRef = F302227D1BA218920039DE05 /* Images.xcassets */; };
		F30222811BA218920039DE05 /* LaunchScreen.xib in Resources */ = {isa = PBXBuildFile; fileRef = F302227F1BA218920039DE05 /* LaunchScreen.xib */; };
		F302228D1BA218920039DE05 /* OnTheMapTests.swift in Sources */ = {isa = PBXBuildFile; fileRef = F302228C1BA218920039DE05 /* OnTheMapTests.swift */; };
		F34B2D081BC07059004174FD /* ParseClient.swift in Sources */ = {isa = PBXBuildFile; fileRef = F34B2D071BC07059004174FD /* ParseClient.swift */; settings = {ASSET_TAGS = (); }; };
		F34B2D0A1BC070C5004174FD /* ParseConstants.swift in Sources */ = {isa = PBXBuildFile; fileRef = F34B2D091BC070C5004174FD /* ParseConstants.swift */; settings = {ASSET_TAGS = (); }; };
		F34B2D0C1BC0742C004174FD /* ParseConvenience.swift in Sources */ = {isa = PBXBuildFile; fileRef = F34B2D0B1BC0742C004174FD /* ParseConvenience.swift */; settings = {ASSET_TAGS = (); }; };
		F34B2D101BC2E515004174FD /* LocationlistViewController.swift in Sources */ = {isa = PBXBuildFile; fileRef = F34B2D0F1BC2E515004174FD /* LocationlistViewController.swift */; settings = {ASSET_TAGS = (); }; };
		F34B2D131BC2E8E6004174FD /* StudentLocation.swift in Sources */ = {isa = PBXBuildFile; fileRef = F34B2D121BC2E8E6004174FD /* StudentLocation.swift */; settings = {ASSET_TAGS = (); }; };
		F34B2D151BC396B0004174FD /* StudentLocationDetailViewController.swift in Sources */ = {isa = PBXBuildFile; fileRef = F34B2D141BC396B0004174FD /* StudentLocationDetailViewController.swift */; settings = {ASSET_TAGS = (); }; };
		F34B2D171BC63BA0004174FD /* TabBarController.swift in Sources */ = {isa = PBXBuildFile; fileRef = F34B2D161BC63BA0004174FD /* TabBarController.swift */; settings = {ASSET_TAGS = (); }; };
		F365E4C31BAF046000F05A1E /* UdacityClient.swift in Sources */ = {isa = PBXBuildFile; fileRef = F365E4C21BAF046000F05A1E /* UdacityClient.swift */; };
		F365E4C51BAF05D900F05A1E /* UdacityConvenience.swift in Sources */ = {isa = PBXBuildFile; fileRef = F365E4C41BAF05D900F05A1E /* UdacityConvenience.swift */; };
		F365E4C71BAF0E5600F05A1E /* UdacityConstants.swift in Sources */ = {isa = PBXBuildFile; fileRef = F365E4C61BAF0E5600F05A1E /* UdacityConstants.swift */; };
		F39656C31BBC78AF00807E38 /* MapViewController.swift in Sources */ = {isa = PBXBuildFile; fileRef = F39656C21BBC78AF00807E38 /* MapViewController.swift */; settings = {ASSET_TAGS = (); }; };
/* End PBXBuildFile section */

/* Begin PBXContainerItemProxy section */
		F30222871BA218920039DE05 /* PBXContainerItemProxy */ = {
			isa = PBXContainerItemProxy;
			containerPortal = F30222691BA218920039DE05 /* Project object */;
			proxyType = 1;
			remoteGlobalIDString = F30222701BA218920039DE05;
			remoteInfo = OnTheMap;
		};
/* End PBXContainerItemProxy section */

/* Begin PBXFileReference section */
		F30222711BA218920039DE05 /* OnTheMap.app */ = {isa = PBXFileReference; explicitFileType = wrapper.application; includeInIndex = 0; path = OnTheMap.app; sourceTree = BUILT_PRODUCTS_DIR; };
		F30222751BA218920039DE05 /* Info.plist */ = {isa = PBXFileReference; lastKnownFileType = text.plist.xml; path = Info.plist; sourceTree = "<group>"; };
		F30222761BA218920039DE05 /* AppDelegate.swift */ = {isa = PBXFileReference; lastKnownFileType = sourcecode.swift; path = AppDelegate.swift; sourceTree = "<group>"; };
		F30222781BA218920039DE05 /* LoginViewController.swift */ = {isa = PBXFileReference; lastKnownFileType = sourcecode.swift; path = LoginViewController.swift; sourceTree = "<group>"; };
		F302227B1BA218920039DE05 /* Base */ = {isa = PBXFileReference; lastKnownFileType = file.storyboard; name = Base; path = Base.lproj/Main.storyboard; sourceTree = "<group>"; };
		F302227D1BA218920039DE05 /* Images.xcassets */ = {isa = PBXFileReference; lastKnownFileType = folder.assetcatalog; path = Images.xcassets; sourceTree = "<group>"; };
		F30222801BA218920039DE05 /* Base */ = {isa = PBXFileReference; lastKnownFileType = file.xib; name = Base; path = Base.lproj/LaunchScreen.xib; sourceTree = "<group>"; };
		F30222861BA218920039DE05 /* OnTheMapTests.xctest */ = {isa = PBXFileReference; explicitFileType = wrapper.cfbundle; includeInIndex = 0; path = OnTheMapTests.xctest; sourceTree = BUILT_PRODUCTS_DIR; };
		F302228B1BA218920039DE05 /* Info.plist */ = {isa = PBXFileReference; lastKnownFileType = text.plist.xml; path = Info.plist; sourceTree = "<group>"; };
		F302228C1BA218920039DE05 /* OnTheMapTests.swift */ = {isa = PBXFileReference; lastKnownFileType = sourcecode.swift; path = OnTheMapTests.swift; sourceTree = "<group>"; };
		F34B2D071BC07059004174FD /* ParseClient.swift */ = {isa = PBXFileReference; fileEncoding = 4; lastKnownFileType = sourcecode.swift; path = ParseClient.swift; sourceTree = "<group>"; };
		F34B2D091BC070C5004174FD /* ParseConstants.swift */ = {isa = PBXFileReference; fileEncoding = 4; lastKnownFileType = sourcecode.swift; path = ParseConstants.swift; sourceTree = "<group>"; };
		F34B2D0B1BC0742C004174FD /* ParseConvenience.swift */ = {isa = PBXFileReference; fileEncoding = 4; lastKnownFileType = sourcecode.swift; path = ParseConvenience.swift; sourceTree = "<group>"; };
		F34B2D0F1BC2E515004174FD /* LocationlistViewController.swift */ = {isa = PBXFileReference; fileEncoding = 4; lastKnownFileType = sourcecode.swift; path = LocationlistViewController.swift; sourceTree = "<group>"; };
		F34B2D121BC2E8E6004174FD /* StudentLocation.swift */ = {isa = PBXFileReference; fileEncoding = 4; lastKnownFileType = sourcecode.swift; path = StudentLocation.swift; sourceTree = "<group>"; };
		F34B2D141BC396B0004174FD /* StudentLocationDetailViewController.swift */ = {isa = PBXFileReference; fileEncoding = 4; lastKnownFileType = sourcecode.swift; path = StudentLocationDetailViewController.swift; sourceTree = "<group>"; };
		F34B2D161BC63BA0004174FD /* TabBarController.swift */ = {isa = PBXFileReference; fileEncoding = 4; lastKnownFileType = sourcecode.swift; path = TabBarController.swift; sourceTree = "<group>"; };
		F365E4C21BAF046000F05A1E /* UdacityClient.swift */ = {isa = PBXFileReference; fileEncoding = 4; lastKnownFileType = sourcecode.swift; path = UdacityClient.swift; sourceTree = "<group>"; };
		F365E4C41BAF05D900F05A1E /* UdacityConvenience.swift */ = {isa = PBXFileReference; fileEncoding = 4; lastKnownFileType = sourcecode.swift; path = UdacityConvenience.swift; sourceTree = "<group>"; };
		F365E4C61BAF0E5600F05A1E /* UdacityConstants.swift */ = {isa = PBXFileReference; fileEncoding = 4; lastKnownFileType = sourcecode.swift; path = UdacityConstants.swift; sourceTree = "<group>"; };
		F39656C21BBC78AF00807E38 /* MapViewController.swift */ = {isa = PBXFileReference; fileEncoding = 4; lastKnownFileType = sourcecode.swift; path = MapViewController.swift; sourceTree = "<group>"; };
/* End PBXFileReference section */

/* Begin PBXFrameworksBuildPhase section */
		F302226E1BA218920039DE05 /* Frameworks */ = {
			isa = PBXFrameworksBuildPhase;
			buildActionMask = 2147483647;
			files = (
			);
			runOnlyForDeploymentPostprocessing = 0;
		};
		F30222831BA218920039DE05 /* Frameworks */ = {
			isa = PBXFrameworksBuildPhase;
			buildActionMask = 2147483647;
			files = (
			);
			runOnlyForDeploymentPostprocessing = 0;
		};
/* End PBXFrameworksBuildPhase section */

/* Begin PBXGroup section */
		F30222681BA218920039DE05 = {
			isa = PBXGroup;
			children = (
				F30222731BA218920039DE05 /* OnTheMap */,
				F30222891BA218920039DE05 /* OnTheMapTests */,
				F30222721BA218920039DE05 /* Products */,
			);
			sourceTree = "<group>";
		};
		F30222721BA218920039DE05 /* Products */ = {
			isa = PBXGroup;
			children = (
				F30222711BA218920039DE05 /* OnTheMap.app */,
				F30222861BA218920039DE05 /* OnTheMapTests.xctest */,
			);
			name = Products;
			sourceTree = "<group>";
		};
		F30222731BA218920039DE05 /* OnTheMap */ = {
			isa = PBXGroup;
			children = (
				F30222761BA218920039DE05 /* AppDelegate.swift */,
				F365E4BD1BAF009300F05A1E /* Model */,
				F365E4BE1BAF009D00F05A1E /* View */,
				F365E4BF1BAF00A800F05A1E /* Controller */,
				F30222741BA218920039DE05 /* Supporting Files */,
			);
			path = OnTheMap;
			sourceTree = "<group>";
		};
		F30222741BA218920039DE05 /* Supporting Files */ = {
			isa = PBXGroup;
			children = (
				F30222751BA218920039DE05 /* Info.plist */,
				F302227A1BA218920039DE05 /* Main.storyboard */,
				F302227D1BA218920039DE05 /* Images.xcassets */,
				F302227F1BA218920039DE05 /* LaunchScreen.xib */,
			);
			name = "Supporting Files";
			sourceTree = "<group>";
		};
		F30222891BA218920039DE05 /* OnTheMapTests */ = {
			isa = PBXGroup;
			children = (
				F302228C1BA218920039DE05 /* OnTheMapTests.swift */,
				F302228A1BA218920039DE05 /* Supporting Files */,
			);
			path = OnTheMapTests;
			sourceTree = "<group>";
		};
		F302228A1BA218920039DE05 /* Supporting Files */ = {
			isa = PBXGroup;
			children = (
				F302228B1BA218920039DE05 /* Info.plist */,
			);
			name = "Supporting Files";
			sourceTree = "<group>";
		};
		F34B2D111BC2E8AB004174FD /* Parse */ = {
			isa = PBXGroup;
			children = (
				F34B2D071BC07059004174FD /* ParseClient.swift */,
				F34B2D091BC070C5004174FD /* ParseConstants.swift */,
				F34B2D0B1BC0742C004174FD /* ParseConvenience.swift */,
				F34B2D121BC2E8E6004174FD /* StudentLocation.swift */,
			);
			name = Parse;
			sourceTree = "<group>";
		};
		F365E4BD1BAF009300F05A1E /* Model */ = {
			isa = PBXGroup;
			children = (
				F365E4C01BAF040300F05A1E /* Client */,
			);
			name = Model;
			sourceTree = "<group>";
		};
		F365E4BE1BAF009D00F05A1E /* View */ = {
			isa = PBXGroup;
			children = (
			);
			name = View;
			sourceTree = "<group>";
		};
		F365E4BF1BAF00A800F05A1E /* Controller */ = {
			isa = PBXGroup;
			children = (
				F30222781BA218920039DE05 /* LoginViewController.swift */,
				F39656C21BBC78AF00807E38 /* MapViewController.swift */,
				F34B2D0F1BC2E515004174FD /* LocationlistViewController.swift */,
				F34B2D141BC396B0004174FD /* StudentLocationDetailViewController.swift */,
				F34B2D161BC63BA0004174FD /* TabBarController.swift */,
			);
			name = Controller;
			sourceTree = "<group>";
		};
		F365E4C01BAF040300F05A1E /* Client */ = {
			isa = PBXGroup;
			children = (
				F365E4C11BAF041300F05A1E /* Udacity */,
				F34B2D111BC2E8AB004174FD /* Parse */,
			);
			name = Client;
			sourceTree = "<group>";
		};
		F365E4C11BAF041300F05A1E /* Udacity */ = {
			isa = PBXGroup;
			children = (
				F365E4C21BAF046000F05A1E /* UdacityClient.swift */,
				F365E4C41BAF05D900F05A1E /* UdacityConvenience.swift */,
				F365E4C61BAF0E5600F05A1E /* UdacityConstants.swift */,
			);
			name = Udacity;
			sourceTree = "<group>";
		};
/* End PBXGroup section */

/* Begin PBXNativeTarget section */
		F30222701BA218920039DE05 /* OnTheMap */ = {
			isa = PBXNativeTarget;
			buildConfigurationList = F30222901BA218920039DE05 /* Build configuration list for PBXNativeTarget "OnTheMap" */;
			buildPhases = (
				F302226D1BA218920039DE05 /* Sources */,
				F302226E1BA218920039DE05 /* Frameworks */,
				F302226F1BA218920039DE05 /* Resources */,
			);
			buildRules = (
			);
			dependencies = (
			);
			name = OnTheMap;
			productName = OnTheMap;
			productReference = F30222711BA218920039DE05 /* OnTheMap.app */;
			productType = "com.apple.product-type.application";
		};
		F30222851BA218920039DE05 /* OnTheMapTests */ = {
			isa = PBXNativeTarget;
			buildConfigurationList = F30222931BA218920039DE05 /* Build configuration list for PBXNativeTarget "OnTheMapTests" */;
			buildPhases = (
				F30222821BA218920039DE05 /* Sources */,
				F30222831BA218920039DE05 /* Frameworks */,
				F30222841BA218920039DE05 /* Resources */,
			);
			buildRules = (
			);
			dependencies = (
				F30222881BA218920039DE05 /* PBXTargetDependency */,
			);
			name = OnTheMapTests;
			productName = OnTheMapTests;
			productReference = F30222861BA218920039DE05 /* OnTheMapTests.xctest */;
			productType = "com.apple.product-type.bundle.unit-test";
		};
/* End PBXNativeTarget section */

/* Begin PBXProject section */
		F30222691BA218920039DE05 /* Project object */ = {
			isa = PBXProject;
			attributes = {
				LastSwiftMigration = 0700;
				LastSwiftUpdateCheck = 0700;
				LastUpgradeCheck = 0700;
				ORGANIZATIONNAME = "Roman Hauptvogel";
				TargetAttributes = {
					F30222701BA218920039DE05 = {
						CreatedOnToolsVersion = 6.3.1;
					};
					F30222851BA218920039DE05 = {
						CreatedOnToolsVersion = 6.3.1;
						TestTargetID = F30222701BA218920039DE05;
					};
				};
			};
			buildConfigurationList = F302226C1BA218920039DE05 /* Build configuration list for PBXProject "OnTheMap" */;
			compatibilityVersion = "Xcode 3.2";
			developmentRegion = English;
			hasScannedForEncodings = 0;
			knownRegions = (
				en,
				Base,
			);
			mainGroup = F30222681BA218920039DE05;
			productRefGroup = F30222721BA218920039DE05 /* Products */;
			projectDirPath = "";
			projectRoot = "";
			targets = (
				F30222701BA218920039DE05 /* OnTheMap */,
				F30222851BA218920039DE05 /* OnTheMapTests */,
			);
		};
/* End PBXProject section */

/* Begin PBXResourcesBuildPhase section */
		F302226F1BA218920039DE05 /* Resources */ = {
			isa = PBXResourcesBuildPhase;
			buildActionMask = 2147483647;
			files = (
				F302227C1BA218920039DE05 /* Main.storyboard in Resources */,
				F30222811BA218920039DE05 /* LaunchScreen.xib in Resources */,
				F302227E1BA218920039DE05 /* Images.xcassets in Resources */,
			);
			runOnlyForDeploymentPostprocessing = 0;
		};
		F30222841BA218920039DE05 /* Resources */ = {
			isa = PBXResourcesBuildPhase;
			buildActionMask = 2147483647;
			files = (
			);
			runOnlyForDeploymentPostprocessing = 0;
		};
/* End PBXResourcesBuildPhase section */

/* Begin PBXSourcesBuildPhase section */
		F302226D1BA218920039DE05 /* Sources */ = {
			isa = PBXSourcesBuildPhase;
			buildActionMask = 2147483647;
			files = (
				F34B2D101BC2E515004174FD /* LocationlistViewController.swift in Sources */,
				F34B2D171BC63BA0004174FD /* TabBarController.swift in Sources */,
				F34B2D131BC2E8E6004174FD /* StudentLocation.swift in Sources */,
				F30222791BA218920039DE05 /* LoginViewController.swift in Sources */,
				F39656C31BBC78AF00807E38 /* MapViewController.swift in Sources */,
				F34B2D081BC07059004174FD /* ParseClient.swift in Sources */,
				F365E4C71BAF0E5600F05A1E /* UdacityConstants.swift in Sources */,
				F34B2D151BC396B0004174FD /* StudentLocationDetailViewController.swift in Sources */,
				F30222771BA218920039DE05 /* AppDelegate.swift in Sources */,
				F365E4C31BAF046000F05A1E /* UdacityClient.swift in Sources */,
				F365E4C51BAF05D900F05A1E /* UdacityConvenience.swift in Sources */,
				F34B2D0C1BC0742C004174FD /* ParseConvenience.swift in Sources */,
				F34B2D0A1BC070C5004174FD /* ParseConstants.swift in Sources */,
			);
			runOnlyForDeploymentPostprocessing = 0;
		};
		F30222821BA218920039DE05 /* Sources */ = {
			isa = PBXSourcesBuildPhase;
			buildActionMask = 2147483647;
			files = (
				F302228D1BA218920039DE05 /* OnTheMapTests.swift in Sources */,
			);
			runOnlyForDeploymentPostprocessing = 0;
		};
/* End PBXSourcesBuildPhase section */

/* Begin PBXTargetDependency section */
		F30222881BA218920039DE05 /* PBXTargetDependency */ = {
			isa = PBXTargetDependency;
			target = F30222701BA218920039DE05 /* OnTheMap */;
			targetProxy = F30222871BA218920039DE05 /* PBXContainerItemProxy */;
		};
/* End PBXTargetDependency section */

/* Begin PBXVariantGroup section */
		F302227A1BA218920039DE05 /* Main.storyboard */ = {
			isa = PBXVariantGroup;
			children = (
				F302227B1BA218920039DE05 /* Base */,
			);
			name = Main.storyboard;
			sourceTree = "<group>";
		};
		F302227F1BA218920039DE05 /* LaunchScreen.xib */ = {
			isa = PBXVariantGroup;
			children = (
				F30222801BA218920039DE05 /* Base */,
			);
			name = LaunchScreen.xib;
			sourceTree = "<group>";
		};
/* End PBXVariantGroup section */

/* Begin XCBuildConfiguration section */
		F302228E1BA218920039DE05 /* Debug */ = {
			isa = XCBuildConfiguration;
			buildSettings = {
				ALWAYS_SEARCH_USER_PATHS = NO;
				CLANG_CXX_LANGUAGE_STANDARD = "gnu++0x";
				CLANG_CXX_LIBRARY = "libc++";
				CLANG_ENABLE_MODULES = YES;
				CLANG_ENABLE_OBJC_ARC = YES;
				CLANG_WARN_BOOL_CONVERSION = YES;
				CLANG_WARN_CONSTANT_CONVERSION = YES;
				CLANG_WARN_DIRECT_OBJC_ISA_USAGE = YES_ERROR;
				CLANG_WARN_EMPTY_BODY = YES;
				CLANG_WARN_ENUM_CONVERSION = YES;
				CLANG_WARN_INT_CONVERSION = YES;
				CLANG_WARN_OBJC_ROOT_CLASS = YES_ERROR;
				CLANG_WARN_UNREACHABLE_CODE = YES;
				CLANG_WARN__DUPLICATE_METHOD_MATCH = YES;
				"CODE_SIGN_IDENTITY[sdk=iphoneos*]" = "iPhone Developer";
				COPY_PHASE_STRIP = NO;
				DEBUG_INFORMATION_FORMAT = "dwarf-with-dsym";
				ENABLE_STRICT_OBJC_MSGSEND = YES;
				ENABLE_TESTABILITY = YES;
				GCC_C_LANGUAGE_STANDARD = gnu99;
				GCC_DYNAMIC_NO_PIC = NO;
				GCC_NO_COMMON_BLOCKS = YES;
				GCC_OPTIMIZATION_LEVEL = 0;
				GCC_PREPROCESSOR_DEFINITIONS = (
					"DEBUG=1",
					"$(inherited)",
				);
				GCC_SYMBOLS_PRIVATE_EXTERN = NO;
				GCC_WARN_64_TO_32_BIT_CONVERSION = YES;
				GCC_WARN_ABOUT_RETURN_TYPE = YES_ERROR;
				GCC_WARN_UNDECLARED_SELECTOR = YES;
				GCC_WARN_UNINITIALIZED_AUTOS = YES_AGGRESSIVE;
				GCC_WARN_UNUSED_FUNCTION = YES;
				GCC_WARN_UNUSED_VARIABLE = YES;
				IPHONEOS_DEPLOYMENT_TARGET = 9.0;
				MTL_ENABLE_DEBUG_INFO = YES;
				ONLY_ACTIVE_ARCH = YES;
				SDKROOT = iphoneos;
				SWIFT_OPTIMIZATION_LEVEL = "-Onone";
			};
			name = Debug;
		};
		F302228F1BA218920039DE05 /* Release */ = {
			isa = XCBuildConfiguration;
			buildSettings = {
				ALWAYS_SEARCH_USER_PATHS = NO;
				CLANG_CXX_LANGUAGE_STANDARD = "gnu++0x";
				CLANG_CXX_LIBRARY = "libc++";
				CLANG_ENABLE_MODULES = YES;
				CLANG_ENABLE_OBJC_ARC = YES;
				CLANG_WARN_BOOL_CONVERSION = YES;
				CLANG_WARN_CONSTANT_CONVERSION = YES;
				CLANG_WARN_DIRECT_OBJC_ISA_USAGE = YES_ERROR;
				CLANG_WARN_EMPTY_BODY = YES;
				CLANG_WARN_ENUM_CONVERSION = YES;
				CLANG_WARN_INT_CONVERSION = YES;
				CLANG_WARN_OBJC_ROOT_CLASS = YES_ERROR;
				CLANG_WARN_UNREACHABLE_CODE = YES;
				CLANG_WARN__DUPLICATE_METHOD_MATCH = YES;
				"CODE_SIGN_IDENTITY[sdk=iphoneos*]" = "iPhone Developer";
				COPY_PHASE_STRIP = NO;
				DEBUG_INFORMATION_FORMAT = "dwarf-with-dsym";
				ENABLE_NS_ASSERTIONS = NO;
				ENABLE_STRICT_OBJC_MSGSEND = YES;
				GCC_C_LANGUAGE_STANDARD = gnu99;
				GCC_NO_COMMON_BLOCKS = YES;
				GCC_WARN_64_TO_32_BIT_CONVERSION = YES;
				GCC_WARN_ABOUT_RETURN_TYPE = YES_ERROR;
				GCC_WARN_UNDECLARED_SELECTOR = YES;
				GCC_WARN_UNINITIALIZED_AUTOS = YES_AGGRESSIVE;
				GCC_WARN_UNUSED_FUNCTION = YES;
				GCC_WARN_UNUSED_VARIABLE = YES;
				IPHONEOS_DEPLOYMENT_TARGET = 9.0;
				MTL_ENABLE_DEBUG_INFO = NO;
				SDKROOT = iphoneos;
				VALIDATE_PRODUCT = YES;
			};
			name = Release;
		};
		F30222911BA218920039DE05 /* Debug */ = {
			isa = XCBuildConfiguration;
			buildSettings = {
				ASSETCATALOG_COMPILER_APPICON_NAME = AppIcon;
				INFOPLIST_FILE = OnTheMap/Info.plist;
				LD_RUNPATH_SEARCH_PATHS = "$(inherited) @executable_path/Frameworks";
				PRODUCT_BUNDLE_IDENTIFIER = "com.romi74371.$(PRODUCT_NAME:rfc1034identifier)";
				PRODUCT_NAME = "$(TARGET_NAME)";
			};
			name = Debug;
		};
		F30222921BA218920039DE05 /* Release */ = {
			isa = XCBuildConfiguration;
			buildSettings = {
				ASSETCATALOG_COMPILER_APPICON_NAME = AppIcon;
				INFOPLIST_FILE = OnTheMap/Info.plist;
				LD_RUNPATH_SEARCH_PATHS = "$(inherited) @executable_path/Frameworks";
				PRODUCT_BUNDLE_IDENTIFIER = "com.romi74371.$(PRODUCT_NAME:rfc1034identifier)";
				PRODUCT_NAME = "$(TARGET_NAME)";
			};
			name = Release;
		};
		F30222941BA218920039DE05 /* Debug */ = {
			isa = XCBuildConfiguration;
			buildSettings = {
				BUNDLE_LOADER = "$(TEST_HOST)";
				FRAMEWORK_SEARCH_PATHS = (
					"$(SDKROOT)/Developer/Library/Frameworks",
					"$(inherited)",
				);
				GCC_PREPROCESSOR_DEFINITIONS = (
					"DEBUG=1",
					"$(inherited)",
				);
				INFOPLIST_FILE = OnTheMapTests/Info.plist;
				LD_RUNPATH_SEARCH_PATHS = "$(inherited) @executable_path/Frameworks @loader_path/Frameworks";
				PRODUCT_BUNDLE_IDENTIFIER = "com.romi74371.$(PRODUCT_NAME:rfc1034identifier)";
				PRODUCT_NAME = "$(TARGET_NAME)";
				TEST_HOST = "$(BUILT_PRODUCTS_DIR)/OnTheMap.app/OnTheMap";
			};
			name = Debug;
		};
		F30222951BA218920039DE05 /* Release */ = {
			isa = XCBuildConfiguration;
			buildSettings = {
				BUNDLE_LOADER = "$(TEST_HOST)";
				FRAMEWORK_SEARCH_PATHS = (
					"$(SDKROOT)/Developer/Library/Frameworks",
					"$(inherited)",
				);
				INFOPLIST_FILE = OnTheMapTests/Info.plist;
				LD_RUNPATH_SEARCH_PATHS = "$(inherited) @executable_path/Frameworks @loader_path/Frameworks";
				PRODUCT_BUNDLE_IDENTIFIER = "com.romi74371.$(PRODUCT_NAME:rfc1034identifier)";
				PRODUCT_NAME = "$(TARGET_NAME)";
				TEST_HOST = "$(BUILT_PRODUCTS_DIR)/OnTheMap.app/OnTheMap";
			};
			name = Release;
		};
/* End XCBuildConfiguration section */

/* Begin XCConfigurationList section */
		F302226C1BA218920039DE05 /* Build configuration list for PBXProject "OnTheMap" */ = {
			isa = XCConfigurationList;
			buildConfigurations = (
				F302228E1BA218920039DE05 /* Debug */,
				F302228F1BA218920039DE05 /* Release */,
			);
			defaultConfigurationIsVisible = 0;
			defaultConfigurationName = Release;
		};
		F30222901BA218920039DE05 /* Build configuration list for PBXNativeTarget "OnTheMap" */ = {
			isa = XCConfigurationList;
			buildConfigurations = (
				F30222911BA218920039DE05 /* Debug */,
				F30222921BA218920039DE05 /* Release */,
			);
			defaultConfigurationIsVisible = 0;
			defaultConfigurationName = Release;
		};
		F30222931BA218920039DE05 /* Build configuration list for PBXNativeTarget "OnTheMapTests" */ = {
			isa = XCConfigurationList;
			buildConfigurations = (
				F30222941BA218920039DE05 /* Debug */,
				F30222951BA218920039DE05 /* Release */,
			);
			defaultConfigurationIsVisible = 0;
			defaultConfigurationName = Release;
		};
/* End XCConfigurationList section */
	};
	rootObject = F30222691BA218920039DE05 /* Project object */;
}
